
Microsoft Visual Studio Solution File, Format Version 12.00
# Visual Studio 15
VisualStudioVersion = 15.0.26430.16
MinimumVisualStudioVersion = 10.0.40219.1
Project("{FAE04EC0-301F-11D3-BF4B-00C04F79EFBC}") = "teht1", "abstraktiojakoostaminen\teht1.csproj", "{03D5EA1A-FD1E-44FA-AFF1-3C9F46B7A931}"
EndProject
Project("{FAE04EC0-301F-11D3-BF4B-00C04F79EFBC}") = "teht2", "teht2\teht2.csproj", "{7305759D-091A-42BB-8974-63AD4A9E7E0E}"
EndProject
Project("{FAE04EC0-301F-11D3-BF4B-00C04F79EFBC}") = "teht3", "teht3\teht3.csproj", "{00D6D0B9-2EB8-4A25-97CC-44A0F832FF45}"
EndProject
Project("{FAE04EC0-301F-11D3-BF4B-00C04F79EFBC}") = "teht4", "teht4\teht4.csproj", "{197BC9D0-D138-4526-9D7F-236D636AC8C7}"
EndProject
Global
	GlobalSection(SolutionConfigurationPlatforms) = preSolution
		Debug|Any CPU = Debug|Any CPU
		Release|Any CPU = Release|Any CPU
	EndGlobalSection
	GlobalSection(ProjectConfigurationPlatforms) = postSolution
		{03D5EA1A-FD1E-44FA-AFF1-3C9F46B7A931}.Debug|Any CPU.ActiveCfg = Debug|Any CPU
		{03D5EA1A-FD1E-44FA-AFF1-3C9F46B7A931}.Debug|Any CPU.Build.0 = Debug|Any CPU
		{03D5EA1A-FD1E-44FA-AFF1-3C9F46B7A931}.Release|Any CPU.ActiveCfg = Release|Any CPU
		{03D5EA1A-FD1E-44FA-AFF1-3C9F46B7A931}.Release|Any CPU.Build.0 = Release|Any CPU
		{7305759D-091A-42BB-8974-63AD4A9E7E0E}.Debug|Any CPU.ActiveCfg = Debug|Any CPU
		{7305759D-091A-42BB-8974-63AD4A9E7E0E}.Debug|Any CPU.Build.0 = Debug|Any CPU
		{7305759D-091A-42BB-8974-63AD4A9E7E0E}.Release|Any CPU.ActiveCfg = Release|Any CPU
		{7305759D-091A-42BB-8974-63AD4A9E7E0E}.Release|Any CPU.Build.0 = Release|Any CPU
		{00D6D0B9-2EB8-4A25-97CC-44A0F832FF45}.Debug|Any CPU.ActiveCfg = Debug|Any CPU
		{00D6D0B9-2EB8-4A25-97CC-44A0F832FF45}.Debug|Any CPU.Build.0 = Debug|Any CPU
		{00D6D0B9-2EB8-4A25-97CC-44A0F832FF45}.Release|Any CPU.ActiveCfg = Release|Any CPU
		{00D6D0B9-2EB8-4A25-97CC-44A0F832FF45}.Release|Any CPU.Build.0 = Release|Any CPU
		{197BC9D0-D138-4526-9D7F-236D636AC8C7}.Debug|Any CPU.ActiveCfg = Debug|Any CPU
		{197BC9D0-D138-4526-9D7F-236D636AC8C7}.Debug|Any CPU.Build.0 = Debug|Any CPU
		{197BC9D0-D138-4526-9D7F-236D636AC8C7}.Release|Any CPU.ActiveCfg = Release|Any CPU
		{197BC9D0-D138-4526-9D7F-236D636AC8C7}.Release|Any CPU.Build.0 = Release|Any CPU
	EndGlobalSection
	GlobalSection(SolutionProperties) = preSolution
		HideSolutionNode = FALSE
	EndGlobalSection
EndGlobal
