
Microsoft Visual Studio Solution File, Format Version 12.00
# Visual Studio 15
VisualStudioVersion = 15.0.26430.16
MinimumVisualStudioVersion = 10.0.40219.1
Project("{FAE04EC0-301F-11D3-BF4B-00C04F79EFBC}") = "Olioteht1", "Olioteht1-20\Olioteht1.csproj", "{E62C8798-A5A4-40C0-B3FB-6A4C2C189052}"
EndProject
Project("{FAE04EC0-301F-11D3-BF4B-00C04F79EFBC}") = "Olioteht2", "Olioteht2\Olioteht2.csproj", "{A963F4C7-E625-4A37-85B5-BBA4784FDCEE}"
EndProject
Project("{FAE04EC0-301F-11D3-BF4B-00C04F79EFBC}") = "Olioteht3", "Olioteht3\Olioteht3.csproj", "{A7D782D6-FEDD-49B0-8B9C-A44CF4E80A1A}"
EndProject
Project("{FAE04EC0-301F-11D3-BF4B-00C04F79EFBC}") = "Olioteht4", "Olioteht4\Olioteht4.csproj", "{8AA32273-459E-4E78-A8BA-BAD517888B1B}"
EndProject
Project("{FAE04EC0-301F-11D3-BF4B-00C04F79EFBC}") = "Olioteht5", "Olioteht5\Olioteht5.csproj", "{958477C0-8901-41EA-866F-5D0795D1D484}"
EndProject
Project("{FAE04EC0-301F-11D3-BF4B-00C04F79EFBC}") = "Olioteht6", "Olioteht6\Olioteht6.csproj", "{88F863CA-66AD-494D-A329-86D8285C83FA}"
EndProject
Project("{FAE04EC0-301F-11D3-BF4B-00C04F79EFBC}") = "Olioteht7", "Olioteht7\Olioteht7.csproj", "{D4153C4A-4C78-4607-A5E1-D425DF47D01D}"
EndProject
Project("{FAE04EC0-301F-11D3-BF4B-00C04F79EFBC}") = "Olioteht8", "Olioteht8\Olioteht8.csproj", "{8F170C7A-0E33-41E0-B2D0-5B22D70449C6}"
EndProject
Project("{FAE04EC0-301F-11D3-BF4B-00C04F79EFBC}") = "Olioteht9", "Olioteht9\Olioteht9.csproj", "{D1B8F2C8-75F3-4952-87AE-5BEE8723804C}"
EndProject
Project("{FAE04EC0-301F-11D3-BF4B-00C04F79EFBC}") = "Olioteht10", "Olioteht10\Olioteht10.csproj", "{3421B7D4-4E7D-40CE-ABB2-54C757C32917}"
EndProject
Project("{FAE04EC0-301F-11D3-BF4B-00C04F79EFBC}") = "Olioteht11", "Olioteht11\Olioteht11.csproj", "{D944BE34-A344-4855-86AC-054CE3A54E47}"
EndProject
Project("{FAE04EC0-301F-11D3-BF4B-00C04F79EFBC}") = "Olioteht12", "Olioteht12\Olioteht12.csproj", "{7812E3CF-F3FF-40E1-BF0F-88E1CD31AD7D}"
EndProject
Project("{FAE04EC0-301F-11D3-BF4B-00C04F79EFBC}") = "Olioteht13", "Olioteht13\Olioteht13.csproj", "{1B0F1AA9-204D-4360-B89A-6A4BB642EE0F}"
EndProject
Project("{FAE04EC0-301F-11D3-BF4B-00C04F79EFBC}") = "Olioteht14", "Olioteht14\Olioteht14.csproj", "{3EDCEBAF-8BAD-4C34-99F7-F5D7F15D49DF}"
EndProject
Global
	GlobalSection(SolutionConfigurationPlatforms) = preSolution
		Debug|Any CPU = Debug|Any CPU
		Release|Any CPU = Release|Any CPU
	EndGlobalSection
	GlobalSection(ProjectConfigurationPlatforms) = postSolution
		{E62C8798-A5A4-40C0-B3FB-6A4C2C189052}.Debug|Any CPU.ActiveCfg = Debug|Any CPU
		{E62C8798-A5A4-40C0-B3FB-6A4C2C189052}.Debug|Any CPU.Build.0 = Debug|Any CPU
		{E62C8798-A5A4-40C0-B3FB-6A4C2C189052}.Release|Any CPU.ActiveCfg = Release|Any CPU
		{E62C8798-A5A4-40C0-B3FB-6A4C2C189052}.Release|Any CPU.Build.0 = Release|Any CPU
		{A963F4C7-E625-4A37-85B5-BBA4784FDCEE}.Debug|Any CPU.ActiveCfg = Debug|Any CPU
		{A963F4C7-E625-4A37-85B5-BBA4784FDCEE}.Debug|Any CPU.Build.0 = Debug|Any CPU
		{A963F4C7-E625-4A37-85B5-BBA4784FDCEE}.Release|Any CPU.ActiveCfg = Release|Any CPU
		{A963F4C7-E625-4A37-85B5-BBA4784FDCEE}.Release|Any CPU.Build.0 = Release|Any CPU
		{A7D782D6-FEDD-49B0-8B9C-A44CF4E80A1A}.Debug|Any CPU.ActiveCfg = Debug|Any CPU
		{A7D782D6-FEDD-49B0-8B9C-A44CF4E80A1A}.Debug|Any CPU.Build.0 = Debug|Any CPU
		{A7D782D6-FEDD-49B0-8B9C-A44CF4E80A1A}.Release|Any CPU.ActiveCfg = Release|Any CPU
		{A7D782D6-FEDD-49B0-8B9C-A44CF4E80A1A}.Release|Any CPU.Build.0 = Release|Any CPU
		{8AA32273-459E-4E78-A8BA-BAD517888B1B}.Debug|Any CPU.ActiveCfg = Debug|Any CPU
		{8AA32273-459E-4E78-A8BA-BAD517888B1B}.Debug|Any CPU.Build.0 = Debug|Any CPU
		{8AA32273-459E-4E78-A8BA-BAD517888B1B}.Release|Any CPU.ActiveCfg = Release|Any CPU
		{8AA32273-459E-4E78-A8BA-BAD517888B1B}.Release|Any CPU.Build.0 = Release|Any CPU
		{958477C0-8901-41EA-866F-5D0795D1D484}.Debug|Any CPU.ActiveCfg = Debug|Any CPU
		{958477C0-8901-41EA-866F-5D0795D1D484}.Debug|Any CPU.Build.0 = Debug|Any CPU
		{958477C0-8901-41EA-866F-5D0795D1D484}.Release|Any CPU.ActiveCfg = Release|Any CPU
		{958477C0-8901-41EA-866F-5D0795D1D484}.Release|Any CPU.Build.0 = Release|Any CPU
		{88F863CA-66AD-494D-A329-86D8285C83FA}.Debug|Any CPU.ActiveCfg = Debug|Any CPU
		{88F863CA-66AD-494D-A329-86D8285C83FA}.Debug|Any CPU.Build.0 = Debug|Any CPU
		{88F863CA-66AD-494D-A329-86D8285C83FA}.Release|Any CPU.ActiveCfg = Release|Any CPU
		{88F863CA-66AD-494D-A329-86D8285C83FA}.Release|Any CPU.Build.0 = Release|Any CPU
		{D4153C4A-4C78-4607-A5E1-D425DF47D01D}.Debug|Any CPU.ActiveCfg = Debug|Any CPU
		{D4153C4A-4C78-4607-A5E1-D425DF47D01D}.Debug|Any CPU.Build.0 = Debug|Any CPU
		{D4153C4A-4C78-4607-A5E1-D425DF47D01D}.Release|Any CPU.ActiveCfg = Release|Any CPU
		{D4153C4A-4C78-4607-A5E1-D425DF47D01D}.Release|Any CPU.Build.0 = Release|Any CPU
		{8F170C7A-0E33-41E0-B2D0-5B22D70449C6}.Debug|Any CPU.ActiveCfg = Debug|Any CPU
		{8F170C7A-0E33-41E0-B2D0-5B22D70449C6}.Debug|Any CPU.Build.0 = Debug|Any CPU
		{8F170C7A-0E33-41E0-B2D0-5B22D70449C6}.Release|Any CPU.ActiveCfg = Release|Any CPU
		{8F170C7A-0E33-41E0-B2D0-5B22D70449C6}.Release|Any CPU.Build.0 = Release|Any CPU
		{D1B8F2C8-75F3-4952-87AE-5BEE8723804C}.Debug|Any CPU.ActiveCfg = Debug|Any CPU
		{D1B8F2C8-75F3-4952-87AE-5BEE8723804C}.Debug|Any CPU.Build.0 = Debug|Any CPU
		{D1B8F2C8-75F3-4952-87AE-5BEE8723804C}.Release|Any CPU.ActiveCfg = Release|Any CPU
		{D1B8F2C8-75F3-4952-87AE-5BEE8723804C}.Release|Any CPU.Build.0 = Release|Any CPU
		{3421B7D4-4E7D-40CE-ABB2-54C757C32917}.Debug|Any CPU.ActiveCfg = Debug|Any CPU
		{3421B7D4-4E7D-40CE-ABB2-54C757C32917}.Debug|Any CPU.Build.0 = Debug|Any CPU
		{3421B7D4-4E7D-40CE-ABB2-54C757C32917}.Release|Any CPU.ActiveCfg = Release|Any CPU
		{3421B7D4-4E7D-40CE-ABB2-54C757C32917}.Release|Any CPU.Build.0 = Release|Any CPU
		{D944BE34-A344-4855-86AC-054CE3A54E47}.Debug|Any CPU.ActiveCfg = Debug|Any CPU
		{D944BE34-A344-4855-86AC-054CE3A54E47}.Debug|Any CPU.Build.0 = Debug|Any CPU
		{D944BE34-A344-4855-86AC-054CE3A54E47}.Release|Any CPU.ActiveCfg = Release|Any CPU
		{D944BE34-A344-4855-86AC-054CE3A54E47}.Release|Any CPU.Build.0 = Release|Any CPU
		{7812E3CF-F3FF-40E1-BF0F-88E1CD31AD7D}.Debug|Any CPU.ActiveCfg = Debug|Any CPU
		{7812E3CF-F3FF-40E1-BF0F-88E1CD31AD7D}.Debug|Any CPU.Build.0 = Debug|Any CPU
		{7812E3CF-F3FF-40E1-BF0F-88E1CD31AD7D}.Release|Any CPU.ActiveCfg = Release|Any CPU
		{7812E3CF-F3FF-40E1-BF0F-88E1CD31AD7D}.Release|Any CPU.Build.0 = Release|Any CPU
		{1B0F1AA9-204D-4360-B89A-6A4BB642EE0F}.Debug|Any CPU.ActiveCfg = Debug|Any CPU
		{1B0F1AA9-204D-4360-B89A-6A4BB642EE0F}.Debug|Any CPU.Build.0 = Debug|Any CPU
		{1B0F1AA9-204D-4360-B89A-6A4BB642EE0F}.Release|Any CPU.ActiveCfg = Release|Any CPU
		{1B0F1AA9-204D-4360-B89A-6A4BB642EE0F}.Release|Any CPU.Build.0 = Release|Any CPU
		{3EDCEBAF-8BAD-4C34-99F7-F5D7F15D49DF}.Debug|Any CPU.ActiveCfg = Debug|Any CPU
		{3EDCEBAF-8BAD-4C34-99F7-F5D7F15D49DF}.Debug|Any CPU.Build.0 = Debug|Any CPU
		{3EDCEBAF-8BAD-4C34-99F7-F5D7F15D49DF}.Release|Any CPU.ActiveCfg = Release|Any CPU
		{3EDCEBAF-8BAD-4C34-99F7-F5D7F15D49DF}.Release|Any CPU.Build.0 = Release|Any CPU
	EndGlobalSection
	GlobalSection(SolutionProperties) = preSolution
		HideSolutionNode = FALSE
	EndGlobalSection
	GlobalSection(ExtensibilityGlobals) = postSolution
		SolutionGuid = {13C8A7D0-F88D-4802-9466-BD8DFE38E4F7}
	EndGlobalSection
EndGlobal
