
Microsoft Visual Studio Solution File, Format Version 12.00
# Visual Studio 15
VisualStudioVersion = 15.0.26430.16
MinimumVisualStudioVersion = 10.0.40219.1
Project("{FAE04EC0-301F-11D3-BF4B-00C04F79EFBC}") = "teht1", "teht1\teht1.csproj", "{6134ED4B-7090-4658-9669-5BB45B1E6071}"
EndProject
Project("{FAE04EC0-301F-11D3-BF4B-00C04F79EFBC}") = "teht2", "teht2\teht2.csproj", "{351A94FA-B590-4AFC-A122-8047C2355D76}"
EndProject
Global
	GlobalSection(SolutionConfigurationPlatforms) = preSolution
		Debug|Any CPU = Debug|Any CPU
		Release|Any CPU = Release|Any CPU
	EndGlobalSection
	GlobalSection(ProjectConfigurationPlatforms) = postSolution
		{6134ED4B-7090-4658-9669-5BB45B1E6071}.Debug|Any CPU.ActiveCfg = Debug|Any CPU
		{6134ED4B-7090-4658-9669-5BB45B1E6071}.Debug|Any CPU.Build.0 = Debug|Any CPU
		{6134ED4B-7090-4658-9669-5BB45B1E6071}.Release|Any CPU.ActiveCfg = Release|Any CPU
		{6134ED4B-7090-4658-9669-5BB45B1E6071}.Release|Any CPU.Build.0 = Release|Any CPU
		{351A94FA-B590-4AFC-A122-8047C2355D76}.Debug|Any CPU.ActiveCfg = Debug|Any CPU
		{351A94FA-B590-4AFC-A122-8047C2355D76}.Debug|Any CPU.Build.0 = Debug|Any CPU
		{351A94FA-B590-4AFC-A122-8047C2355D76}.Release|Any CPU.ActiveCfg = Release|Any CPU
		{351A94FA-B590-4AFC-A122-8047C2355D76}.Release|Any CPU.Build.0 = Release|Any CPU
	EndGlobalSection
	GlobalSection(SolutionProperties) = preSolution
		HideSolutionNode = FALSE
	EndGlobalSection
EndGlobal
